
Microsoft Visual Studio Solution File, Format Version 12.00
# Visual Studio Version 17
VisualStudioVersion = 17.14.36414.22
MinimumVisualStudioVersion = 10.0.40219.1
Project("{FAE04EC0-301F-11D3-BF4B-00C04F79EFBC}") = "LibServer", "LibServer\LibServer.csproj", "{2EA65E61-2A6F-4BF1-8452-FF3B16DA05B8}"
EndProject
Project("{FAE04EC0-301F-11D3-BF4B-00C04F79EFBC}") = "MediaModel", "MediaModel\MediaModel.csproj", "{93E65FA3-D025-4A82-9D90-F2CC56DEFBA1}"
EndProject
Global
	GlobalSection(SolutionConfigurationPlatforms) = preSolution
		Debug|Any CPU = Debug|Any CPU
		Release|Any CPU = Release|Any CPU
	EndGlobalSection
	GlobalSection(ProjectConfigurationPlatforms) = postSolution
		{2EA65E61-2A6F-4BF1-8452-FF3B16DA05B8}.Debug|Any CPU.ActiveCfg = Debug|Any CPU
		{2EA65E61-2A6F-4BF1-8452-FF3B16DA05B8}.Debug|Any CPU.Build.0 = Debug|Any CPU
		{2EA65E61-2A6F-4BF1-8452-FF3B16DA05B8}.Release|Any CPU.ActiveCfg = Release|Any CPU
		{2EA65E61-2A6F-4BF1-8452-FF3B16DA05B8}.Release|Any CPU.Build.0 = Release|Any CPU
		{93E65FA3-D025-4A82-9D90-F2CC56DEFBA1}.Debug|Any CPU.ActiveCfg = Debug|Any CPU
		{93E65FA3-D025-4A82-9D90-F2CC56DEFBA1}.Debug|Any CPU.Build.0 = Debug|Any CPU
		{93E65FA3-D025-4A82-9D90-F2CC56DEFBA1}.Release|Any CPU.ActiveCfg = Release|Any CPU
		{93E65FA3-D025-4A82-9D90-F2CC56DEFBA1}.Release|Any CPU.Build.0 = Release|Any CPU
	EndGlobalSection
	GlobalSection(SolutionProperties) = preSolution
		HideSolutionNode = FALSE
	EndGlobalSection
	GlobalSection(ExtensibilityGlobals) = postSolution
		SolutionGuid = {85F0EE5E-BE0D-4D6A-B6AD-C5312F648DBB}
	EndGlobalSection
EndGlobal
